
Microsoft Visual Studio Solution File, Format Version 12.00
# Visual Studio Version 17
VisualStudioVersion = 17.9.34728.123
MinimumVisualStudioVersion = 10.0.40219.1
Project("{FAE04EC0-301F-11D3-BF4B-00C04F79EFBC}") = "CustomCachingLayer", "CustomCachingLayer\CustomCachingLayer.csproj", "{00E45D8B-8E83-4D5B-B053-536141C86334}"
EndProject
Global
	GlobalSection(SolutionConfigurationPlatforms) = preSolution
		Debug|Any CPU = Debug|Any CPU
		Release|Any CPU = Release|Any CPU
	EndGlobalSection
	GlobalSection(ProjectConfigurationPlatforms) = postSolution
		{00E45D8B-8E83-4D5B-B053-536141C86334}.Debug|Any CPU.ActiveCfg = Debug|Any CPU
		{00E45D8B-8E83-4D5B-B053-536141C86334}.Debug|Any CPU.Build.0 = Debug|Any CPU
		{00E45D8B-8E83-4D5B-B053-536141C86334}.Release|Any CPU.ActiveCfg = Release|Any CPU
		{00E45D8B-8E83-4D5B-B053-536141C86334}.Release|Any CPU.Build.0 = Release|Any CPU
	EndGlobalSection
	GlobalSection(SolutionProperties) = preSolution
		HideSolutionNode = FALSE
	EndGlobalSection
	GlobalSection(ExtensibilityGlobals) = postSolution
		SolutionGuid = {3ED68B65-7140-4972-AB0B-C2D0DC646CCB}
	EndGlobalSection
EndGlobal
